# This file is automatically @generated by Cargo.
# It is not intended for manual editing.
version = 4

[[package]]
name = "itoa"
version = "1.0.18"
source = "git+https://github.com/dtolnay/itoa?rev=af77385d0daf4d0e949e81f2588be2e44f69f086#af77385d0daf4d0e949e81f2588be2e44f69f086"

[[package]]
name = "test"
version = "0.1.0"
dependencies = [
 "itoa",
]
